
Microsoft Visual Studio Solution File, Format Version 12.00
# Visual Studio Version 17
VisualStudioVersion = 17.13.35919.96 d17.13
MinimumVisualStudioVersion = 10.0.40219.1
Project("{8BC9CEB8-8B4A-11D0-8D11-00A0C91BC942}") = "3d_template", "3d_template.vcxproj", "{67470162-D685-4B85-A7B0-20CEF91EDD0A}"
EndProject
Global
	GlobalSection(SolutionConfigurationPlatforms) = preSolution
		Debug|x64 = Debug|x64
		Debug|x86 = Debug|x86
		Release|x64 = Release|x64
		Release|x86 = Release|x86
	EndGlobalSection
	GlobalSection(ProjectConfigurationPlatforms) = postSolution
		{67470162-D685-4B85-A7B0-20CEF91EDD0A}.Debug|x64.ActiveCfg = Debug|x64
		{67470162-D685-4B85-A7B0-20CEF91EDD0A}.Debug|x64.Build.0 = Debug|x64
		{67470162-D685-4B85-A7B0-20CEF91EDD0A}.Debug|x86.ActiveCfg = Debug|Win32
		{67470162-D685-4B85-A7B0-20CEF91EDD0A}.Debug|x86.Build.0 = Debug|Win32
		{67470162-D685-4B85-A7B0-20CEF91EDD0A}.Release|x64.ActiveCfg = Release|x64
		{67470162-D685-4B85-A7B0-20CEF91EDD0A}.Release|x64.Build.0 = Release|x64
		{67470162-D685-4B85-A7B0-20CEF91EDD0A}.Release|x86.ActiveCfg = Release|Win32
		{67470162-D685-4B85-A7B0-20CEF91EDD0A}.Release|x86.Build.0 = Release|Win32
	EndGlobalSection
	GlobalSection(SolutionProperties) = preSolution
		HideSolutionNode = FALSE
	EndGlobalSection
	GlobalSection(ExtensibilityGlobals) = postSolution
		SolutionGuid = {825D660B-2AA9-46CB-9429-69B80ED8CF7C}
	EndGlobalSection
EndGlobal
